{
  "name": "portfolio-vuepress",
  "requires": true,
  "lockfileVersion": 1,
  "dependencies": {
    "clipboard": {
      "version": "2.0.6",
      "resolved": "https://registry.npmjs.org/clipboard/-/clipboard-2.0.6.tgz",
      "integrity": "sha512-g5zbiixBRk/wyKakSwCKd7vQXDjFnAMGHoEyBogG/bw9kTD9GvdAvaoRR1ALcEzt3pVKxZR0pViekPMIS0QyGg==",
      "optional": true,
      "requires": {
        "good-listener": "^1.2.2",
        "select": "^1.1.2",
        "tiny-emitter": "^2.0.0"
      }
    },
    "delegate": {
      "version": "3.2.0",
      "resolved": "https://registry.npmjs.org/delegate/-/delegate-3.2.0.tgz",
      "integrity": "sha512-IofjkYBZaZivn0V8nnsMJGBr4jVLxHDheKSW88PyxS5QC4Vo9ZbZVvhzlSxY87fVq3STR6r+4cGepyHkcWOQSw==",
      "optional": true
    },
    "good-listener": {
      "version": "1.2.2",
      "resolved": "https://registry.npmjs.org/good-listener/-/good-listener-1.2.2.tgz",
      "integrity": "sha1-1TswzfkxPf+33JoNR3CWqm0UXFA=",
      "optional": true,
      "requires": {
        "delegate": "^3.1.2"
      }
    },
    "lozad": {
      "version": "1.15.0",
      "resolved": "https://registry.npmjs.org/lozad/-/lozad-1.15.0.tgz",
      "integrity": "sha512-P60iyIiud4XSH5SXxrgPCXoebEaT6SYAvRBgeMBZPYmWVRSfOhQks8ZmyZ/WFgDgwvrHnWffXw9HMg8G0gvt0w=="
    },
    "markdown-it-img-lazy": {
      "version": "1.0.1",
      "resolved": "https://registry.npmjs.org/markdown-it-img-lazy/-/markdown-it-img-lazy-1.0.1.tgz",
      "integrity": "sha512-qxQr1LJjwTS8GGQWEKsbgjTQYulKPZtxIyoVK4fjJh6eZcLKz8vcT1hkz/f68Yr4KI5jmw7+ViGK+nLnUEqxeg=="
    },
    "markdown-it-imsize": {
      "version": "2.0.1",
      "resolved": "https://registry.npmjs.org/markdown-it-imsize/-/markdown-it-imsize-2.0.1.tgz",
      "integrity": "sha1-zKBCeQXQUziiR8ucqdloxc3dUXA="
    },
    "prismjs": {
      "version": "1.19.0",
      "resolved": "https://registry.npmjs.org/prismjs/-/prismjs-1.19.0.tgz",
      "integrity": "sha512-IVFtbW9mCWm9eOIaEkNyo2Vl4NnEifis2GQ7/MLRG5TQe6t+4Sj9J5QWI9i3v+SS43uZBlCAOn+zYTVYQcPXJw==",
      "requires": {
        "clipboard": "^2.0.0"
      }
    },
    "select": {
      "version": "1.1.2",
      "resolved": "https://registry.npmjs.org/select/-/select-1.1.2.tgz",
      "integrity": "sha1-DnNQrN7ICxEIUoeG7B1EGNEbOW0=",
      "optional": true
    },
    "tiny-emitter": {
      "version": "2.1.0",
      "resolved": "https://registry.npmjs.org/tiny-emitter/-/tiny-emitter-2.1.0.tgz",
      "integrity": "sha512-NB6Dk1A9xgQPMoGqC5CVXn123gWyte215ONT5Pp5a0yt4nlEoO1ZWeCwpncaekPHXO60i47ihFnZPiRPjRMq4Q==",
      "optional": true
    },
    "vuepress-plugin-img-lazy": {
      "version": "1.0.3",
      "resolved": "https://registry.npmjs.org/vuepress-plugin-img-lazy/-/vuepress-plugin-img-lazy-1.0.3.tgz",
      "integrity": "sha512-gsr29hzmuX1yiDxER9pd4rjwd2lQFxcYbLAAdBGwRtma1UuITPLPrQAycAA40Zzu57JPL2ww1w3QFh76uTba8Q==",
      "requires": {
        "lozad": "^1.9.0",
        "markdown-it-img-lazy": "^1.0.0",
        "markdown-it-imsize": "^2.0.1"
      }
    }
  }
}
